
Microsoft Visual Studio Solution File, Format Version 12.00
Project("{FAE04EC0-301F-11D3-BF4B-00C04F79EFBC}") = "EventStoreAdapterDotNet", "EventStoreAdapterDotNet\EventStoreAdapterDotNet.csproj", "{9055CCEC-138B-4129-A10E-B433E9E1D12C}"
EndProject
Global
	GlobalSection(SolutionConfigurationPlatforms) = preSolution
		Debug|Any CPU = Debug|Any CPU
		Release|Any CPU = Release|Any CPU
	EndGlobalSection
	GlobalSection(ProjectConfigurationPlatforms) = postSolution
		{9055CCEC-138B-4129-A10E-B433E9E1D12C}.Debug|Any CPU.ActiveCfg = Debug|Any CPU
		{9055CCEC-138B-4129-A10E-B433E9E1D12C}.Debug|Any CPU.Build.0 = Debug|Any CPU
		{9055CCEC-138B-4129-A10E-B433E9E1D12C}.Release|Any CPU.ActiveCfg = Release|Any CPU
		{9055CCEC-138B-4129-A10E-B433E9E1D12C}.Release|Any CPU.Build.0 = Release|Any CPU
	EndGlobalSection
EndGlobal
